
Microsoft Visual Studio Solution File, Format Version 12.00
# Visual Studio Version 17
VisualStudioVersion = 17.9.34728.123
MinimumVisualStudioVersion = 10.0.40219.1
Project("{FAE04EC0-301F-11D3-BF4B-00C04F79EFBC}") = "Notes", "Notes\Notes.csproj", "{A9BE2B46-145D-4139-8D8C-9C35D396EEE5}"
EndProject
Global
	GlobalSection(SolutionConfigurationPlatforms) = preSolution
		Debug|Any CPU = Debug|Any CPU
		Release|Any CPU = Release|Any CPU
	EndGlobalSection
	GlobalSection(ProjectConfigurationPlatforms) = postSolution
		{A9BE2B46-145D-4139-8D8C-9C35D396EEE5}.Debug|Any CPU.ActiveCfg = Debug|Any CPU
		{A9BE2B46-145D-4139-8D8C-9C35D396EEE5}.Debug|Any CPU.Build.0 = Debug|Any CPU
		{A9BE2B46-145D-4139-8D8C-9C35D396EEE5}.Debug|Any CPU.Deploy.0 = Debug|Any CPU
		{A9BE2B46-145D-4139-8D8C-9C35D396EEE5}.Release|Any CPU.ActiveCfg = Release|Any CPU
		{A9BE2B46-145D-4139-8D8C-9C35D396EEE5}.Release|Any CPU.Build.0 = Release|Any CPU
		{A9BE2B46-145D-4139-8D8C-9C35D396EEE5}.Release|Any CPU.Deploy.0 = Release|Any CPU
	EndGlobalSection
	GlobalSection(SolutionProperties) = preSolution
		HideSolutionNode = FALSE
	EndGlobalSection
	GlobalSection(ExtensibilityGlobals) = postSolution
		SolutionGuid = {2679CB32-0283-4A18-B727-83ACA7AA6C8D}
	EndGlobalSection
EndGlobal
